
Microsoft Visual Studio Solution File, Format Version 12.00
# Visual Studio Version 16
VisualStudioVersion = 16.0.31424.327
MinimumVisualStudioVersion = 10.0.40219.1
Project("{FAE04EC0-301F-11D3-BF4B-00C04F79EFBC}") = "WebTunki", "WebTunki\WebTunki.csproj", "{2F7940DE-F45C-4576-8E19-AB61868DAB1C}"
EndProject
Global
	GlobalSection(SolutionConfigurationPlatforms) = preSolution
		Debug|Any CPU = Debug|Any CPU
		Release|Any CPU = Release|Any CPU
	EndGlobalSection
	GlobalSection(ProjectConfigurationPlatforms) = postSolution
		{2F7940DE-F45C-4576-8E19-AB61868DAB1C}.Debug|Any CPU.ActiveCfg = Debug|Any CPU
		{2F7940DE-F45C-4576-8E19-AB61868DAB1C}.Debug|Any CPU.Build.0 = Debug|Any CPU
		{2F7940DE-F45C-4576-8E19-AB61868DAB1C}.Release|Any CPU.ActiveCfg = Release|Any CPU
		{2F7940DE-F45C-4576-8E19-AB61868DAB1C}.Release|Any CPU.Build.0 = Release|Any CPU
	EndGlobalSection
	GlobalSection(SolutionProperties) = preSolution
		HideSolutionNode = FALSE
	EndGlobalSection
	GlobalSection(ExtensibilityGlobals) = postSolution
		SolutionGuid = {4D47CCE8-8B79-44EE-8EC4-0E377C722CDE}
	EndGlobalSection
EndGlobal
